
Microsoft Visual Studio Solution File, Format Version 12.00
# Visual Studio Version 16
VisualStudioVersion = 16.0.30114.105
MinimumVisualStudioVersion = 10.0.40219.1
Project("{2150E333-8FDC-42A3-9474-1A3956D46DE8}") = "src", "src", "{ED861A22-6726-42F1-AD8F-1DCBACD7C608}"
EndProject
Project("{9A19103F-16F7-4668-BE54-9A1E7A4F7556}") = "Web", "src\Web\Web.csproj", "{F48EB4AE-8FC6-455A-AE11-F7DD6CDA893D}"
EndProject
Project("{2150E333-8FDC-42A3-9474-1A3956D46DE8}") = "cfg", "cfg", "{0CC3484C-E898-43A9-9DC5-980D6F9874D6}"
	ProjectSection(SolutionItems) = preProject
		cfg\appsettings.json = cfg\appsettings.json
	EndProjectSection
EndProject
Project("{9A19103F-16F7-4668-BE54-9A1E7A4F7556}") = "Config", "cfg\Config\Config.csproj", "{CB7F02B2-394F-481E-BEA9-9A72D28135CD}"
EndProject
Project("{2150E333-8FDC-42A3-9474-1A3956D46DE8}") = "lib", "lib", "{9862B15E-267D-4B09-B6AD-B2C54BCF99CB}"
EndProject
Project("{9A19103F-16F7-4668-BE54-9A1E7A4F7556}") = "GTFSData", "lib\GTFSData\GTFSData.csproj", "{40EA7D0B-FC1C-4987-A725-610BAF2328D2}"
EndProject
Project("{9A19103F-16F7-4668-BE54-9A1E7A4F7556}") = "RaptorAlgo", "lib\RaptorAlgo\RaptorAlgo.csproj", "{5306A140-8377-4B51-8A02-71CE2A81B6F2}"
EndProject
Project("{9A19103F-16F7-4668-BE54-9A1E7A4F7556}") = "StopAccessibility", "lib\StopAccessibility\StopAccessibility.csproj", "{09BEF303-F412-4EE1-B838-14281039FF67}"
EndProject
Project("{2150E333-8FDC-42A3-9474-1A3956D46DE8}") = "test", "test", "{0162CE27-8F32-41D8-9F28-09762ED2E9C6}"
EndProject
Project("{9A19103F-16F7-4668-BE54-9A1E7A4F7556}") = "GTFSDataTests", "test\GTFSDataTests\GTFSDataTests.csproj", "{B23B5D7B-03B8-4307-9EDC-2E7FC5FDAD50}"
EndProject
Project("{9A19103F-16F7-4668-BE54-9A1E7A4F7556}") = "RaptorAlgoTests", "test\RaptorAlgoTests\RaptorAlgoTests.csproj", "{6CF70CD5-14F8-43EF-B18A-425C26ED5699}"
EndProject
Project("{9A19103F-16F7-4668-BE54-9A1E7A4F7556}") = "StopAccessibilityTests", "test\StopAccessibilityTests\StopAccessibilityTests.csproj", "{507FA878-63AF-4D48-ABCD-80C85098EABC}"
EndProject
Project("{9A19103F-16F7-4668-BE54-9A1E7A4F7556}") = "TestShares", "test\TestShares\TestShares.csproj", "{1064ABA5-33CA-4634-8BBF-BB1F55ECD0CA}"
EndProject
Global
	GlobalSection(SolutionConfigurationPlatforms) = preSolution
		Debug|Any CPU = Debug|Any CPU
		Release|Any CPU = Release|Any CPU
	EndGlobalSection
	GlobalSection(ProjectConfigurationPlatforms) = postSolution
		{F48EB4AE-8FC6-455A-AE11-F7DD6CDA893D}.Debug|Any CPU.ActiveCfg = Debug|Any CPU
		{F48EB4AE-8FC6-455A-AE11-F7DD6CDA893D}.Debug|Any CPU.Build.0 = Debug|Any CPU
		{F48EB4AE-8FC6-455A-AE11-F7DD6CDA893D}.Release|Any CPU.ActiveCfg = Release|Any CPU
		{F48EB4AE-8FC6-455A-AE11-F7DD6CDA893D}.Release|Any CPU.Build.0 = Release|Any CPU
		{CB7F02B2-394F-481E-BEA9-9A72D28135CD}.Debug|Any CPU.ActiveCfg = Debug|Any CPU
		{CB7F02B2-394F-481E-BEA9-9A72D28135CD}.Debug|Any CPU.Build.0 = Debug|Any CPU
		{CB7F02B2-394F-481E-BEA9-9A72D28135CD}.Release|Any CPU.ActiveCfg = Release|Any CPU
		{CB7F02B2-394F-481E-BEA9-9A72D28135CD}.Release|Any CPU.Build.0 = Release|Any CPU
		{40EA7D0B-FC1C-4987-A725-610BAF2328D2}.Debug|Any CPU.ActiveCfg = Debug|Any CPU
		{40EA7D0B-FC1C-4987-A725-610BAF2328D2}.Debug|Any CPU.Build.0 = Debug|Any CPU
		{40EA7D0B-FC1C-4987-A725-610BAF2328D2}.Release|Any CPU.ActiveCfg = Release|Any CPU
		{40EA7D0B-FC1C-4987-A725-610BAF2328D2}.Release|Any CPU.Build.0 = Release|Any CPU
		{5306A140-8377-4B51-8A02-71CE2A81B6F2}.Debug|Any CPU.ActiveCfg = Debug|Any CPU
		{5306A140-8377-4B51-8A02-71CE2A81B6F2}.Debug|Any CPU.Build.0 = Debug|Any CPU
		{5306A140-8377-4B51-8A02-71CE2A81B6F2}.Release|Any CPU.ActiveCfg = Release|Any CPU
		{5306A140-8377-4B51-8A02-71CE2A81B6F2}.Release|Any CPU.Build.0 = Release|Any CPU
		{09BEF303-F412-4EE1-B838-14281039FF67}.Debug|Any CPU.ActiveCfg = Debug|Any CPU
		{09BEF303-F412-4EE1-B838-14281039FF67}.Debug|Any CPU.Build.0 = Debug|Any CPU
		{09BEF303-F412-4EE1-B838-14281039FF67}.Release|Any CPU.ActiveCfg = Release|Any CPU
		{09BEF303-F412-4EE1-B838-14281039FF67}.Release|Any CPU.Build.0 = Release|Any CPU
		{B23B5D7B-03B8-4307-9EDC-2E7FC5FDAD50}.Debug|Any CPU.ActiveCfg = Debug|Any CPU
		{B23B5D7B-03B8-4307-9EDC-2E7FC5FDAD50}.Debug|Any CPU.Build.0 = Debug|Any CPU
		{B23B5D7B-03B8-4307-9EDC-2E7FC5FDAD50}.Release|Any CPU.ActiveCfg = Release|Any CPU
		{B23B5D7B-03B8-4307-9EDC-2E7FC5FDAD50}.Release|Any CPU.Build.0 = Release|Any CPU
		{6CF70CD5-14F8-43EF-B18A-425C26ED5699}.Debug|Any CPU.ActiveCfg = Debug|Any CPU
		{6CF70CD5-14F8-43EF-B18A-425C26ED5699}.Debug|Any CPU.Build.0 = Debug|Any CPU
		{6CF70CD5-14F8-43EF-B18A-425C26ED5699}.Release|Any CPU.ActiveCfg = Release|Any CPU
		{6CF70CD5-14F8-43EF-B18A-425C26ED5699}.Release|Any CPU.Build.0 = Release|Any CPU
		{507FA878-63AF-4D48-ABCD-80C85098EABC}.Debug|Any CPU.ActiveCfg = Debug|Any CPU
		{507FA878-63AF-4D48-ABCD-80C85098EABC}.Debug|Any CPU.Build.0 = Debug|Any CPU
		{507FA878-63AF-4D48-ABCD-80C85098EABC}.Release|Any CPU.ActiveCfg = Release|Any CPU
		{507FA878-63AF-4D48-ABCD-80C85098EABC}.Release|Any CPU.Build.0 = Release|Any CPU
		{1064ABA5-33CA-4634-8BBF-BB1F55ECD0CA}.Debug|Any CPU.ActiveCfg = Debug|Any CPU
		{1064ABA5-33CA-4634-8BBF-BB1F55ECD0CA}.Debug|Any CPU.Build.0 = Debug|Any CPU
		{1064ABA5-33CA-4634-8BBF-BB1F55ECD0CA}.Release|Any CPU.ActiveCfg = Release|Any CPU
		{1064ABA5-33CA-4634-8BBF-BB1F55ECD0CA}.Release|Any CPU.Build.0 = Release|Any CPU
	EndGlobalSection
	GlobalSection(SolutionProperties) = preSolution
		HideSolutionNode = FALSE
	EndGlobalSection
	GlobalSection(NestedProjects) = preSolution
		{F48EB4AE-8FC6-455A-AE11-F7DD6CDA893D} = {ED861A22-6726-42F1-AD8F-1DCBACD7C608}
		{CB7F02B2-394F-481E-BEA9-9A72D28135CD} = {0CC3484C-E898-43A9-9DC5-980D6F9874D6}
		{40EA7D0B-FC1C-4987-A725-610BAF2328D2} = {9862B15E-267D-4B09-B6AD-B2C54BCF99CB}
		{5306A140-8377-4B51-8A02-71CE2A81B6F2} = {9862B15E-267D-4B09-B6AD-B2C54BCF99CB}
		{09BEF303-F412-4EE1-B838-14281039FF67} = {9862B15E-267D-4B09-B6AD-B2C54BCF99CB}
		{B23B5D7B-03B8-4307-9EDC-2E7FC5FDAD50} = {0162CE27-8F32-41D8-9F28-09762ED2E9C6}
		{6CF70CD5-14F8-43EF-B18A-425C26ED5699} = {0162CE27-8F32-41D8-9F28-09762ED2E9C6}
		{507FA878-63AF-4D48-ABCD-80C85098EABC} = {0162CE27-8F32-41D8-9F28-09762ED2E9C6}
		{1064ABA5-33CA-4634-8BBF-BB1F55ECD0CA} = {0162CE27-8F32-41D8-9F28-09762ED2E9C6}
	EndGlobalSection
	GlobalSection(ExtensibilityGlobals) = postSolution
		SolutionGuid = {6DAFA5BB-7FAC-4480-87C1-9803186C287E}
	EndGlobalSection
EndGlobal
